
Microsoft Visual Studio Solution File, Format Version 11.00
# Visual Studio 2010
Project("{FAE04EC0-301F-11D3-BF4B-00C04F79EFBC}") = "Eligible", "Eligible.csproj", "{A8B3BCA2-0162-4B39-8B38-B1C2FF007821}"
EndProject
Project("{2150E333-8FDC-42A3-9474-1A3956D46DE8}") = "References", "References", "{1BE71C40-0486-4CE4-8626-E314EDF24F4F}"
	ProjectSection(SolutionItems) = preProject
		Newtonsoft.Json.Net35.dll = Newtonsoft.Json.Net35.dll
	EndProjectSection
EndProject
Global
	GlobalSection(SolutionConfigurationPlatforms) = preSolution
		Debug|Any CPU = Debug|Any CPU
		Release|Any CPU = Release|Any CPU
	EndGlobalSection
	GlobalSection(ProjectConfigurationPlatforms) = postSolution
		{A8B3BCA2-0162-4B39-8B38-B1C2FF007821}.Debug|Any CPU.ActiveCfg = Debug|Any CPU
		{A8B3BCA2-0162-4B39-8B38-B1C2FF007821}.Debug|Any CPU.Build.0 = Debug|Any CPU
		{A8B3BCA2-0162-4B39-8B38-B1C2FF007821}.Release|Any CPU.ActiveCfg = Release|Any CPU
		{A8B3BCA2-0162-4B39-8B38-B1C2FF007821}.Release|Any CPU.Build.0 = Release|Any CPU
	EndGlobalSection
	GlobalSection(SolutionProperties) = preSolution
		HideSolutionNode = FALSE
	EndGlobalSection
EndGlobal
